
Microsoft Visual Studio Solution File, Format Version 12.00
# Visual Studio Version 16
VisualStudioVersion = 16.0.31205.134
MinimumVisualStudioVersion = 10.0.40219.1
Project("{FAE04EC0-301F-11D3-BF4B-00C04F79EFBC}") = "StacksAndQueue", "StacksAndQueue\StacksAndQueue.csproj", "{FF532D08-A19E-4915-BFDC-198931D15066}"
EndProject
Project("{FAE04EC0-301F-11D3-BF4B-00C04F79EFBC}") = "UnitTestStacksAndQueue", "UnitTestStacksAndQueue\UnitTestStacksAndQueue.csproj", "{90C98C7A-3188-489C-AD81-70879F004AF4}"
EndProject
Global
	GlobalSection(SolutionConfigurationPlatforms) = preSolution
		Debug|Any CPU = Debug|Any CPU
		Release|Any CPU = Release|Any CPU
	EndGlobalSection
	GlobalSection(ProjectConfigurationPlatforms) = postSolution
		{FF532D08-A19E-4915-BFDC-198931D15066}.Debug|Any CPU.ActiveCfg = Debug|Any CPU
		{FF532D08-A19E-4915-BFDC-198931D15066}.Debug|Any CPU.Build.0 = Debug|Any CPU
		{FF532D08-A19E-4915-BFDC-198931D15066}.Release|Any CPU.ActiveCfg = Release|Any CPU
		{FF532D08-A19E-4915-BFDC-198931D15066}.Release|Any CPU.Build.0 = Release|Any CPU
		{90C98C7A-3188-489C-AD81-70879F004AF4}.Debug|Any CPU.ActiveCfg = Debug|Any CPU
		{90C98C7A-3188-489C-AD81-70879F004AF4}.Debug|Any CPU.Build.0 = Debug|Any CPU
		{90C98C7A-3188-489C-AD81-70879F004AF4}.Release|Any CPU.ActiveCfg = Release|Any CPU
		{90C98C7A-3188-489C-AD81-70879F004AF4}.Release|Any CPU.Build.0 = Release|Any CPU
	EndGlobalSection
	GlobalSection(SolutionProperties) = preSolution
		HideSolutionNode = FALSE
	EndGlobalSection
	GlobalSection(ExtensibilityGlobals) = postSolution
		SolutionGuid = {E134463F-C751-4701-A32D-91ACACFB0680}
	EndGlobalSection
EndGlobal
